// !$*UTF8*$!
{
	archiveVersion = 1;
	classes = {
	};
	objectVersion = 46;
	objects = {

/* Begin PBXBuildFile section */
		18CC18591D757CCA00AC873B /* main.m in Sources */ = {isa = PBXBuildFile; fileRef = 18CC18581D757CCA00AC873B /* main.m */; };
		18CC185C1D757CCA00AC873B /* AppDelegate.m in Sources */ = {isa = PBXBuildFile; fileRef = 18CC185B1D757CCA00AC873B /* AppDelegate.m */; };
		18CC185F1D757CCA00AC873B /* ViewController.m in Sources */ = {isa = PBXBuildFile; fileRef = 18CC185E1D757CCA00AC873B /* ViewController.m */; };
		18CC18621D757CCA00AC873B /* Main.storyboard in Resources */ = {isa = PBXBuildFile; fileRef = 18CC18601D757CCA00AC873B /* Main.storyboard */; };
		18CC18641D757CCA00AC873B /* Assets.xcassets in Resources */ = {isa = PBXBuildFile; fileRef = 18CC18631D757CCA00AC873B /* Assets.xcassets */; };
		18CC18671D757CCA00AC873B /* LaunchScreen.storyboard in Resources */ = {isa = PBXBuildFile; fileRef = 18CC18651D757CCA00AC873B /* LaunchScreen.storyboard */; };
		18CC18721D757CCB00AC873B /* ___________Tests.m in Sources */ = {isa = PBXBuildFile; fileRef = 18CC18711D757CCB00AC873B /* ___________Tests.m */; };
		18CC187D1D757CCB00AC873B /* ___________UITests.m in Sources */ = {isa = PBXBuildFile; fileRef = 18CC187C1D757CCB00AC873B /* ___________UITests.m */; };
/* End PBXBuildFile section */

/* Begin PBXContainerItemProxy section */
		18CC186E1D757CCB00AC873B /* PBXContainerItemProxy */ = {
			isa = PBXContainerItemProxy;
			containerPortal = 18CC184C1D757CCA00AC873B /* Project object */;
			proxyType = 1;
			remoteGlobalIDString = 18CC18531D757CCA00AC873B;
			remoteInfo = "数据持久化--属性列表";
		};
		18CC18791D757CCB00AC873B /* PBXContainerItemProxy */ = {
			isa = PBXContainerItemProxy;
			containerPortal = 18CC184C1D757CCA00AC873B /* Project object */;
			proxyType = 1;
			remoteGlobalIDString = 18CC18531D757CCA00AC873B;
			remoteInfo = "数据持久化--属性列表";
		};
/* End PBXContainerItemProxy section */

/* Begin PBXFileReference section */
		18CC18541D757CCA00AC873B /* 数据持久化--属性列表.app */ = {isa = PBXFileReference; explicitFileType = wrapper.application; includeInIndex = 0; path = "数据持久化--属性列表.app"; sourceTree = BUILT_PRODUCTS_DIR; };
		18CC18581D757CCA00AC873B /* main.m */ = {isa = PBXFileReference; lastKnownFileType = sourcecode.c.objc; path = main.m; sourceTree = "<group>"; };
		18CC185A1D757CCA00AC873B /* AppDelegate.h */ = {isa = PBXFileReference; lastKnownFileType = sourcecode.c.h; path = AppDelegate.h; sourceTree = "<group>"; };
		18CC185B1D757CCA00AC873B /* AppDelegate.m */ = {isa = PBXFileReference; lastKnownFileType = sourcecode.c.objc; path = AppDelegate.m; sourceTree = "<group>"; };
		18CC185D1D757CCA00AC873B /* ViewController.h */ = {isa = PBXFileReference; lastKnownFileType = sourcecode.c.h; path = ViewController.h; sourceTree = "<group>"; };
		18CC185E1D757CCA00AC873B /* ViewController.m */ = {isa = PBXFileReference; lastKnownFileType = sourcecode.c.objc; path = ViewController.m; sourceTree = "<group>"; };
		18CC18611D757CCA00AC873B /* Base */ = {isa = PBXFileReference; lastKnownFileType = file.storyboard; name = Base; path = Base.lproj/Main.storyboard; sourceTree = "<group>"; };
		18CC18631D757CCA00AC873B /* Assets.xcassets */ = {isa = PBXFileReference; lastKnownFileType = folder.assetcatalog; path = Assets.xcassets; sourceTree = "<group>"; };
		18CC18661D757CCA00AC873B /* Base */ = {isa = PBXFileReference; lastKnownFileType = file.storyboard; name = Base; path = Base.lproj/LaunchScreen.storyboard; sourceTree = "<group>"; };
		18CC18681D757CCA00AC873B /* Info.plist */ = {isa = PBXFileReference; lastKnownFileType = text.plist.xml; path = Info.plist; sourceTree = "<group>"; };
		18CC186D1D757CCB00AC873B /* 数据持久化--属性列表Tests.xctest */ = {isa = PBXFileReference; explicitFileType = wrapper.cfbundle; includeInIndex = 0; path = "数据持久化--属性列表Tests.xctest"; sourceTree = BUILT_PRODUCTS_DIR; };
		18CC18711D757CCB00AC873B /* ___________Tests.m */ = {isa = PBXFileReference; lastKnownFileType = sourcecode.c.objc; path = "___________Tests.m"; sourceTree = "<group>"; };
		18CC18731D757CCB00AC873B /* Info.plist */ = {isa = PBXFileReference; lastKnownFileType = text.plist.xml; path = Info.plist; sourceTree = "<group>"; };
		18CC18781D757CCB00AC873B /* 数据持久化--属性列表UITests.xctest */ = {isa = PBXFileReference; explicitFileType = wrapper.cfbundle; includeInIndex = 0; path = "数据持久化--属性列表UITests.xctest"; sourceTree = BUILT_PRODUCTS_DIR; };
		18CC187C1D757CCB00AC873B /* ___________UITests.m */ = {isa = PBXFileReference; lastKnownFileType = sourcecode.c.objc; path = "___________UITests.m"; sourceTree = "<group>"; };
		18CC187E1D757CCB00AC873B /* Info.plist */ = {isa = PBXFileReference; lastKnownFileType = text.plist.xml; path = Info.plist; sourceTree = "<group>"; };
/* End PBXFileReference section */

/* Begin PBXFrameworksBuildPhase section */
		18CC18511D757CCA00AC873B /* Frameworks */ = {
			isa = PBXFrameworksBuildPhase;
			buildActionMask = 2147483647;
			files = (
			);
			runOnlyForDeploymentPostprocessing = 0;
		};
		18CC186A1D757CCB00AC873B /* Frameworks */ = {
			isa = PBXFrameworksBuildPhase;
			buildActionMask = 2147483647;
			files = (
			);
			runOnlyForDeploymentPostprocessing = 0;
		};
		18CC18751D757CCB00AC873B /* Frameworks */ = {
			isa = PBXFrameworksBuildPhase;
			buildActionMask = 2147483647;
			files = (
			);
			runOnlyForDeploymentPostprocessing = 0;
		};
/* End PBXFrameworksBuildPhase section */

/* Begin PBXGroup section */
		18CC184B1D757CCA00AC873B = {
			isa = PBXGroup;
			children = (
				18CC18561D757CCA00AC873B /* 数据持久化--属性列表 */,
				18CC18701D757CCB00AC873B /* 数据持久化--属性列表Tests */,
				18CC187B1D757CCB00AC873B /* 数据持久化--属性列表UITests */,
				18CC18551D757CCA00AC873B /* Products */,
			);
			sourceTree = "<group>";
		};
		18CC18551D757CCA00AC873B /* Products */ = {
			isa = PBXGroup;
			children = (
				18CC18541D757CCA00AC873B /* 数据持久化--属性列表.app */,
				18CC186D1D757CCB00AC873B /* 数据持久化--属性列表Tests.xctest */,
				18CC18781D757CCB00AC873B /* 数据持久化--属性列表UITests.xctest */,
			);
			name = Products;
			sourceTree = "<group>";
		};
		18CC18561D757CCA00AC873B /* 数据持久化--属性列表 */ = {
			isa = PBXGroup;
			children = (
				18CC185A1D757CCA00AC873B /* AppDelegate.h */,
				18CC185B1D757CCA00AC873B /* AppDelegate.m */,
				18CC185D1D757CCA00AC873B /* ViewController.h */,
				18CC185E1D757CCA00AC873B /* ViewController.m */,
				18CC18601D757CCA00AC873B /* Main.storyboard */,
				18CC18631D757CCA00AC873B /* Assets.xcassets */,
				18CC18651D757CCA00AC873B /* LaunchScreen.storyboard */,
				18CC18681D757CCA00AC873B /* Info.plist */,
				18CC18571D757CCA00AC873B /* Supporting Files */,
			);
			path = "数据持久化--属性列表";
			sourceTree = "<group>";
		};
		18CC18571D757CCA00AC873B /* Supporting Files */ = {
			isa = PBXGroup;
			children = (
				18CC18581D757CCA00AC873B /* main.m */,
			);
			name = "Supporting Files";
			sourceTree = "<group>";
		};
		18CC18701D757CCB00AC873B /* 数据持久化--属性列表Tests */ = {
			isa = PBXGroup;
			children = (
				18CC18711D757CCB00AC873B /* ___________Tests.m */,
				18CC18731D757CCB00AC873B /* Info.plist */,
			);
			path = "数据持久化--属性列表Tests";
			sourceTree = "<group>";
		};
		18CC187B1D757CCB00AC873B /* 数据持久化--属性列表UITests */ = {
			isa = PBXGroup;
			children = (
				18CC187C1D757CCB00AC873B /* ___________UITests.m */,
				18CC187E1D757CCB00AC873B /* Info.plist */,
			);
			path = "数据持久化--属性列表UITests";
			sourceTree = "<group>";
		};
/* End PBXGroup section */

/* Begin PBXNativeTarget section */
		18CC18531D757CCA00AC873B /* 数据持久化--属性列表 */ = {
			isa = PBXNativeTarget;
			buildConfigurationList = 18CC18811D757CCB00AC873B /* Build configuration list for PBXNativeTarget "数据持久化--属性列表" */;
			buildPhases = (
				18CC18501D757CCA00AC873B /* Sources */,
				18CC18511D757CCA00AC873B /* Frameworks */,
				18CC18521D757CCA00AC873B /* Resources */,
			);
			buildRules = (
			);
			dependencies = (
			);
			name = "数据持久化--属性列表";
			productName = "数据持久化--属性列表";
			productReference = 18CC18541D757CCA00AC873B /* 数据持久化--属性列表.app */;
			productType = "com.apple.product-type.application";
		};
		18CC186C1D757CCB00AC873B /* 数据持久化--属性列表Tests */ = {
			isa = PBXNativeTarget;
			buildConfigurationList = 18CC18841D757CCB00AC873B /* Build configuration list for PBXNativeTarget "数据持久化--属性列表Tests" */;
			buildPhases = (
				18CC18691D757CCB00AC873B /* Sources */,
				18CC186A1D757CCB00AC873B /* Frameworks */,
				18CC186B1D757CCB00AC873B /* Resources */,
			);
			buildRules = (
			);
			dependencies = (
				18CC186F1D757CCB00AC873B /* PBXTargetDependency */,
			);
			name = "数据持久化--属性列表Tests";
			productName = "数据持久化--属性列表Tests";
			productReference = 18CC186D1D757CCB00AC873B /* 数据持久化--属性列表Tests.xctest */;
			productType = "com.apple.product-type.bundle.unit-test";
		};
		18CC18771D757CCB00AC873B /* 数据持久化--属性列表UITests */ = {
			isa = PBXNativeTarget;
			buildConfigurationList = 18CC18871D757CCB00AC873B /* Build configuration list for PBXNativeTarget "数据持久化--属性列表UITests" */;
			buildPhases = (
				18CC18741D757CCB00AC873B /* Sources */,
				18CC18751D757CCB00AC873B /* Frameworks */,
				18CC18761D757CCB00AC873B /* Resources */,
			);
			buildRules = (
			);
			dependencies = (
				18CC187A1D757CCB00AC873B /* PBXTargetDependency */,
			);
			name = "数据持久化--属性列表UITests";
			productName = "数据持久化--属性列表UITests";
			productReference = 18CC18781D757CCB00AC873B /* 数据持久化--属性列表UITests.xctest */;
			productType = "com.apple.product-type.bundle.ui-testing";
		};
/* End PBXNativeTarget section */

/* Begin PBXProject section */
		18CC184C1D757CCA00AC873B /* Project object */ = {
			isa = PBXProject;
			attributes = {
				LastUpgradeCheck = 0730;
				ORGANIZATIONNAME = Lingser;
				TargetAttributes = {
					18CC18531D757CCA00AC873B = {
						CreatedOnToolsVersion = 7.3.1;
					};
					18CC186C1D757CCB00AC873B = {
						CreatedOnToolsVersion = 7.3.1;
						TestTargetID = 18CC18531D757CCA00AC873B;
					};
					18CC18771D757CCB00AC873B = {
						CreatedOnToolsVersion = 7.3.1;
						TestTargetID = 18CC18531D757CCA00AC873B;
					};
				};
			};
			buildConfigurationList = 18CC184F1D757CCA00AC873B /* Build configuration list for PBXProject "数据持久化--属性列表" */;
			compatibilityVersion = "Xcode 3.2";
			developmentRegion = English;
			hasScannedForEncodings = 0;
			knownRegions = (
				en,
				Base,
			);
			mainGroup = 18CC184B1D757CCA00AC873B;
			productRefGroup = 18CC18551D757CCA00AC873B /* Products */;
			projectDirPath = "";
			projectRoot = "";
			targets = (
				18CC18531D757CCA00AC873B /* 数据持久化--属性列表 */,
				18CC186C1D757CCB00AC873B /* 数据持久化--属性列表Tests */,
				18CC18771D757CCB00AC873B /* 数据持久化--属性列表UITests */,
			);
		};
/* End PBXProject section */

/* Begin PBXResourcesBuildPhase section */
		18CC18521D757CCA00AC873B /* Resources */ = {
			isa = PBXResourcesBuildPhase;
			buildActionMask = 2147483647;
			files = (
				18CC18671D757CCA00AC873B /* LaunchScreen.storyboard in Resources */,
				18CC18641D757CCA00AC873B /* Assets.xcassets in Resources */,
				18CC18621D757CCA00AC873B /* Main.storyboard in Resources */,
			);
			runOnlyForDeploymentPostprocessing = 0;
		};
		18CC186B1D757CCB00AC873B /* Resources */ = {
			isa = PBXResourcesBuildPhase;
			buildActionMask = 2147483647;
			files = (
			);
			runOnlyForDeploymentPostprocessing = 0;
		};
		18CC18761D757CCB00AC873B /* Resources */ = {
			isa = PBXResourcesBuildPhase;
			buildActionMask = 2147483647;
			files = (
			);
			runOnlyForDeploymentPostprocessing = 0;
		};
/* End PBXResourcesBuildPhase section */

/* Begin PBXSourcesBuildPhase section */
		18CC18501D757CCA00AC873B /* Sources */ = {
			isa = PBXSourcesBuildPhase;
			buildActionMask = 2147483647;
			files = (
				18CC185F1D757CCA00AC873B /* ViewController.m in Sources */,
				18CC185C1D757CCA00AC873B /* AppDelegate.m in Sources */,
				18CC18591D757CCA00AC873B /* main.m in Sources */,
			);
			runOnlyForDeploymentPostprocessing = 0;
		};
		18CC18691D757CCB00AC873B /* Sources */ = {
			isa = PBXSourcesBuildPhase;
			buildActionMask = 2147483647;
			files = (
				18CC18721D757CCB00AC873B /* ___________Tests.m in Sources */,
			);
			runOnlyForDeploymentPostprocessing = 0;
		};
		18CC18741D757CCB00AC873B /* Sources */ = {
			isa = PBXSourcesBuildPhase;
			buildActionMask = 2147483647;
			files = (
				18CC187D1D757CCB00AC873B /* ___________UITests.m in Sources */,
			);
			runOnlyForDeploymentPostprocessing = 0;
		};
/* End PBXSourcesBuildPhase section */

/* Begin PBXTargetDependency section */
		18CC186F1D757CCB00AC873B /* PBXTargetDependency */ = {
			isa = PBXTargetDependency;
			target = 18CC18531D757CCA00AC873B /* 数据持久化--属性列表 */;
			targetProxy = 18CC186E1D757CCB00AC873B /* PBXContainerItemProxy */;
		};
		18CC187A1D757CCB00AC873B /* PBXTargetDependency */ = {
			isa = PBXTargetDependency;
			target = 18CC18531D757CCA00AC873B /* 数据持久化--属性列表 */;
			targetProxy = 18CC18791D757CCB00AC873B /* PBXContainerItemProxy */;
		};
/* End PBXTargetDependency section */

/* Begin PBXVariantGroup section */
		18CC18601D757CCA00AC873B /* Main.storyboard */ = {
			isa = PBXVariantGroup;
			children = (
				18CC18611D757CCA00AC873B /* Base */,
			);
			name = Main.storyboard;
			sourceTree = "<group>";
		};
		18CC18651D757CCA00AC873B /* LaunchScreen.storyboard */ = {
			isa = PBXVariantGroup;
			children = (
				18CC18661D757CCA00AC873B /* Base */,
			);
			name = LaunchScreen.storyboard;
			sourceTree = "<group>";
		};
/* End PBXVariantGroup section */

/* Begin XCBuildConfiguration section */
		18CC187F1D757CCB00AC873B /* Debug */ = {
			isa = XCBuildConfiguration;
			buildSettings = {
				ALWAYS_SEARCH_USER_PATHS = NO;
				CLANG_ANALYZER_NONNULL = YES;
				CLANG_CXX_LANGUAGE_STANDARD = "gnu++0x";
				CLANG_CXX_LIBRARY = "libc++";
				CLANG_ENABLE_MODULES = YES;
				CLANG_ENABLE_OBJC_ARC = YES;
				CLANG_WARN_BOOL_CONVERSION = YES;
				CLANG_WARN_CONSTANT_CONVERSION = YES;
				CLANG_WARN_DIRECT_OBJC_ISA_USAGE = YES_ERROR;
				CLANG_WARN_EMPTY_BODY = YES;
				CLANG_WARN_ENUM_CONVERSION = YES;
				CLANG_WARN_INT_CONVERSION = YES;
				CLANG_WARN_OBJC_ROOT_CLASS = YES_ERROR;
				CLANG_WARN_UNREACHABLE_CODE = YES;
				CLANG_WARN__DUPLICATE_METHOD_MATCH = YES;
				"CODE_SIGN_IDENTITY[sdk=iphoneos*]" = "iPhone Developer";
				COPY_PHASE_STRIP = NO;
				DEBUG_INFORMATION_FORMAT = dwarf;
				ENABLE_STRICT_OBJC_MSGSEND = YES;
				ENABLE_TESTABILITY = YES;
				GCC_C_LANGUAGE_STANDARD = gnu99;
				GCC_DYNAMIC_NO_PIC = NO;
				GCC_NO_COMMON_BLOCKS = YES;
				GCC_OPTIMIZATION_LEVEL = 0;
				GCC_PREPROCESSOR_DEFINITIONS = (
					"DEBUG=1",
					"$(inherited)",
				);
				GCC_WARN_64_TO_32_BIT_CONVERSION = YES;
				GCC_WARN_ABOUT_RETURN_TYPE = YES_ERROR;
				GCC_WARN_UNDECLARED_SELECTOR = YES;
				GCC_WARN_UNINITIALIZED_AUTOS = YES_AGGRESSIVE;
				GCC_WARN_UNUSED_FUNCTION = YES;
				GCC_WARN_UNUSED_VARIABLE = YES;
				IPHONEOS_DEPLOYMENT_TARGET = 9.3;
				MTL_ENABLE_DEBUG_INFO = YES;
				ONLY_ACTIVE_ARCH = YES;
				SDKROOT = iphoneos;
			};
			name = Debug;
		};
		18CC18801D757CCB00AC873B /* Release */ = {
			isa = XCBuildConfiguration;
			buildSettings = {
				ALWAYS_SEARCH_USER_PATHS = NO;
				CLANG_ANALYZER_NONNULL = YES;
				CLANG_CXX_LANGUAGE_STANDARD = "gnu++0x";
				CLANG_CXX_LIBRARY = "libc++";
				CLANG_ENABLE_MODULES = YES;
				CLANG_ENABLE_OBJC_ARC = YES;
				CLANG_WARN_BOOL_CONVERSION = YES;
				CLANG_WARN_CONSTANT_CONVERSION = YES;
				CLANG_WARN_DIRECT_OBJC_ISA_USAGE = YES_ERROR;
				CLANG_WARN_EMPTY_BODY = YES;
				CLANG_WARN_ENUM_CONVERSION = YES;
				CLANG_WARN_INT_CONVERSION = YES;
				CLANG_WARN_OBJC_ROOT_CLASS = YES_ERROR;
				CLANG_WARN_UNREACHABLE_CODE = YES;
				CLANG_WARN__DUPLICATE_METHOD_MATCH = YES;
				"CODE_SIGN_IDENTITY[sdk=iphoneos*]" = "iPhone Developer";
				COPY_PHASE_STRIP = NO;
				DEBUG_INFORMATION_FORMAT = "dwarf-with-dsym";
				ENABLE_NS_ASSERTIONS = NO;
				ENABLE_STRICT_OBJC_MSGSEND = YES;
				GCC_C_LANGUAGE_STANDARD = gnu99;
				GCC_NO_COMMON_BLOCKS = YES;
				GCC_WARN_64_TO_32_BIT_CONVERSION = YES;
				GCC_WARN_ABOUT_RETURN_TYPE = YES_ERROR;
				GCC_WARN_UNDECLARED_SELECTOR = YES;
				GCC_WARN_UNINITIALIZED_AUTOS = YES_AGGRESSIVE;
				GCC_WARN_UNUSED_FUNCTION = YES;
				GCC_WARN_UNUSED_VARIABLE = YES;
				IPHONEOS_DEPLOYMENT_TARGET = 9.3;
				MTL_ENABLE_DEBUG_INFO = NO;
				SDKROOT = iphoneos;
				VALIDATE_PRODUCT = YES;
			};
			name = Release;
		};
		18CC18821D757CCB00AC873B /* Debug */ = {
			isa = XCBuildConfiguration;
			buildSettings = {
				ASSETCATALOG_COMPILER_APPICON_NAME = AppIcon;
				INFOPLIST_FILE = "数据持久化--属性列表/Info.plist";
				LD_RUNPATH_SEARCH_PATHS = "$(inherited) @executable_path/Frameworks";
				PRODUCT_BUNDLE_IDENTIFIER = "com.Lingser.-----------";
				PRODUCT_NAME = "$(TARGET_NAME)";
			};
			name = Debug;
		};
		18CC18831D757CCB00AC873B /* Release */ = {
			isa = XCBuildConfiguration;
			buildSettings = {
				ASSETCATALOG_COMPILER_APPICON_NAME = AppIcon;
				INFOPLIST_FILE = "数据持久化--属性列表/Info.plist";
				LD_RUNPATH_SEARCH_PATHS = "$(inherited) @executable_path/Frameworks";
				PRODUCT_BUNDLE_IDENTIFIER = "com.Lingser.-----------";
				PRODUCT_NAME = "$(TARGET_NAME)";
			};
			name = Release;
		};
		18CC18851D757CCB00AC873B /* Debug */ = {
			isa = XCBuildConfiguration;
			buildSettings = {
				BUNDLE_LOADER = "$(TEST_HOST)";
				INFOPLIST_FILE = "数据持久化--属性列表Tests/Info.plist";
				LD_RUNPATH_SEARCH_PATHS = "$(inherited) @executable_path/Frameworks @loader_path/Frameworks";
				PRODUCT_BUNDLE_IDENTIFIER = "com.Lingser.-----------Tests";
				PRODUCT_NAME = "$(TARGET_NAME)";
				TEST_HOST = "$(BUILT_PRODUCTS_DIR)/数据持久化--属性列表.app/数据持久化--属性列表";
			};
			name = Debug;
		};
		18CC18861D757CCB00AC873B /* Release */ = {
			isa = XCBuildConfiguration;
			buildSettings = {
				BUNDLE_LOADER = "$(TEST_HOST)";
				INFOPLIST_FILE = "数据持久化--属性列表Tests/Info.plist";
				LD_RUNPATH_SEARCH_PATHS = "$(inherited) @executable_path/Frameworks @loader_path/Frameworks";
				PRODUCT_BUNDLE_IDENTIFIER = "com.Lingser.-----------Tests";
				PRODUCT_NAME = "$(TARGET_NAME)";
				TEST_HOST = "$(BUILT_PRODUCTS_DIR)/数据持久化--属性列表.app/数据持久化--属性列表";
			};
			name = Release;
		};
		18CC18881D757CCB00AC873B /* Debug */ = {
			isa = XCBuildConfiguration;
			buildSettings = {
				INFOPLIST_FILE = "数据持久化--属性列表UITests/Info.plist";
				LD_RUNPATH_SEARCH_PATHS = "$(inherited) @executable_path/Frameworks @loader_path/Frameworks";
				PRODUCT_BUNDLE_IDENTIFIER = "com.Lingser.-----------UITests";
				PRODUCT_NAME = "$(TARGET_NAME)";
				TEST_TARGET_NAME = "数据持久化--属性列表";
			};
			name = Debug;
		};
		18CC18891D757CCB00AC873B /* Release */ = {
			isa = XCBuildConfiguration;
			buildSettings = {
				INFOPLIST_FILE = "数据持久化--属性列表UITests/Info.plist";
				LD_RUNPATH_SEARCH_PATHS = "$(inherited) @executable_path/Frameworks @loader_path/Frameworks";
				PRODUCT_BUNDLE_IDENTIFIER = "com.Lingser.-----------UITests";
				PRODUCT_NAME = "$(TARGET_NAME)";
				TEST_TARGET_NAME = "数据持久化--属性列表";
			};
			name = Release;
		};
/* End XCBuildConfiguration section */

/* Begin XCConfigurationList section */
		18CC184F1D757CCA00AC873B /* Build configuration list for PBXProject "数据持久化--属性列表" */ = {
			isa = XCConfigurationList;
			buildConfigurations = (
				18CC187F1D757CCB00AC873B /* Debug */,
				18CC18801D757CCB00AC873B /* Release */,
			);
			defaultConfigurationIsVisible = 0;
			defaultConfigurationName = Release;
		};
		18CC18811D757CCB00AC873B /* Build configuration list for PBXNativeTarget "数据持久化--属性列表" */ = {
			isa = XCConfigurationList;
			buildConfigurations = (
				18CC18821D757CCB00AC873B /* Debug */,
				18CC18831D757CCB00AC873B /* Release */,
			);
			defaultConfigurationIsVisible = 0;
		};
		18CC18841D757CCB00AC873B /* Build configuration list for PBXNativeTarget "数据持久化--属性列表Tests" */ = {
			isa = XCConfigurationList;
			buildConfigurations = (
				18CC18851D757CCB00AC873B /* Debug */,
				18CC18861D757CCB00AC873B /* Release */,
			);
			defaultConfigurationIsVisible = 0;
		};
		18CC18871D757CCB00AC873B /* Build configuration list for PBXNativeTarget "数据持久化--属性列表UITests" */ = {
			isa = XCConfigurationList;
			buildConfigurations = (
				18CC18881D757CCB00AC873B /* Debug */,
				18CC18891D757CCB00AC873B /* Release */,
			);
			defaultConfigurationIsVisible = 0;
		};
/* End XCConfigurationList section */
	};
	rootObject = 18CC184C1D757CCA00AC873B /* Project object */;
}
